
Microsoft Visual Studio Solution File, Format Version 12.00
# Visual Studio Version 17
VisualStudioVersion = 17.7.34018.315
MinimumVisualStudioVersion = 10.0.40219.1
Project("{9A19103F-16F7-4668-BE54-9A1E7A4F7556}") = "Foundation.Core", "Foundation.Core\Foundation.Core.csproj", "{A5614DC5-7CB9-4766-ADA4-C72D879AE0DF}"
EndProject
Project("{E53339B2-1760-4266-BCC7-CA923CBCF16C}") = "docker-compose", "docker-compose.dcproj", "{ADF9E817-D08A-4AED-96F0-CE1027B9916A}"
EndProject
Project("{2150E333-8FDC-42A3-9474-1A3956D46DE8}") = "00. Boot", "00. Boot", "{86605D1D-F588-492F-A56E-E26365F801DF}"
EndProject
Project("{2150E333-8FDC-42A3-9474-1A3956D46DE8}") = "20. Jobs", "20. Jobs", "{40C80D25-62A4-4C7A-930C-E9ECE2BD949D}"
EndProject
Project("{2150E333-8FDC-42A3-9474-1A3956D46DE8}") = "80. Framework", "80. Framework", "{B16F00E1-78AA-4C48-84DC-5CCFFF12DAB6}"
EndProject
Project("{2150E333-8FDC-42A3-9474-1A3956D46DE8}") = "90. Testing", "90. Testing", "{7831E546-080A-45D1-AE78-FBE9A208064B}"
	ProjectSection(SolutionItems) = preProject
		..\k6\launch-test.cmd = ..\k6\launch-test.cmd
	EndProjectSection
EndProject
Project("{9A19103F-16F7-4668-BE54-9A1E7A4F7556}") = "Scaling.API", "Scaling.API\Scaling.API.csproj", "{FB88E2F1-6EEF-4941-BDAE-7C3A25AD3031}"
EndProject
Project("{2150E333-8FDC-42A3-9474-1A3956D46DE8}") = "10. Users", "10. Users", "{0377D2A2-B5FC-4C7A-9B71-87AAB992A7AF}"
EndProject
Project("{9A19103F-16F7-4668-BE54-9A1E7A4F7556}") = "Module.Users.Application", "Module.Users.Application\Module.Users.Application.csproj", "{D3EA74FC-B0E5-4047-8C99-EA0562C2A21D}"
EndProject
Project("{9A19103F-16F7-4668-BE54-9A1E7A4F7556}") = "Module.Users.Domain", "Module.Users.Domain\Module.Users.Domain.csproj", "{2F6236FD-07E1-4B38-BA4F-80F7C6E84B9E}"
EndProject
Project("{9A19103F-16F7-4668-BE54-9A1E7A4F7556}") = "Module.Users.Infrastructure", "Module.Users.Infrastructure\Module.Users.Infrastructure.csproj", "{1CC1A63D-742D-4AEC-B7B2-1BC2814C3FAF}"
EndProject
Project("{9A19103F-16F7-4668-BE54-9A1E7A4F7556}") = "Module.Jobs.Application", "Module.Jobs.Application\Module.Jobs.Application.csproj", "{ADE6972A-2A3C-4B7F-87FF-4F7F6991CEF6}"
EndProject
Project("{9A19103F-16F7-4668-BE54-9A1E7A4F7556}") = "Module.Jobs.Domain", "Module.Jobs.Domain\Module.Jobs.Domain.csproj", "{59FCAFE0-6673-41BB-8E13-81191812FE42}"
EndProject
Project("{9A19103F-16F7-4668-BE54-9A1E7A4F7556}") = "Module.Jobs.Infrastructure", "Module.Jobs.Infrastructure\Module.Jobs.Infrastructure.csproj", "{9D377CC5-18B6-4626-9D54-13B97F0B3404}"
EndProject
Project("{2150E333-8FDC-42A3-9474-1A3956D46DE8}") = "70. Shared", "70. Shared", "{7C6EFF5F-0057-4D11-B698-20CBC99D1D96}"
EndProject
Project("{9A19103F-16F7-4668-BE54-9A1E7A4F7556}") = "Shared.Contracts", "Shared.Contracts\Shared.Contracts.csproj", "{A6A3B5E6-C0BE-463C-A0C9-220A0263862B}"
EndProject
Global
	GlobalSection(SolutionConfigurationPlatforms) = preSolution
		Debug|Any CPU = Debug|Any CPU
		Release|Any CPU = Release|Any CPU
	EndGlobalSection
	GlobalSection(ProjectConfigurationPlatforms) = postSolution
		{A5614DC5-7CB9-4766-ADA4-C72D879AE0DF}.Debug|Any CPU.ActiveCfg = Debug|Any CPU
		{A5614DC5-7CB9-4766-ADA4-C72D879AE0DF}.Debug|Any CPU.Build.0 = Debug|Any CPU
		{A5614DC5-7CB9-4766-ADA4-C72D879AE0DF}.Release|Any CPU.ActiveCfg = Release|Any CPU
		{A5614DC5-7CB9-4766-ADA4-C72D879AE0DF}.Release|Any CPU.Build.0 = Release|Any CPU
		{ADF9E817-D08A-4AED-96F0-CE1027B9916A}.Debug|Any CPU.ActiveCfg = Debug|Any CPU
		{ADF9E817-D08A-4AED-96F0-CE1027B9916A}.Debug|Any CPU.Build.0 = Debug|Any CPU
		{ADF9E817-D08A-4AED-96F0-CE1027B9916A}.Release|Any CPU.ActiveCfg = Release|Any CPU
		{ADF9E817-D08A-4AED-96F0-CE1027B9916A}.Release|Any CPU.Build.0 = Release|Any CPU
		{FB88E2F1-6EEF-4941-BDAE-7C3A25AD3031}.Debug|Any CPU.ActiveCfg = Debug|Any CPU
		{FB88E2F1-6EEF-4941-BDAE-7C3A25AD3031}.Debug|Any CPU.Build.0 = Debug|Any CPU
		{FB88E2F1-6EEF-4941-BDAE-7C3A25AD3031}.Release|Any CPU.ActiveCfg = Release|Any CPU
		{FB88E2F1-6EEF-4941-BDAE-7C3A25AD3031}.Release|Any CPU.Build.0 = Release|Any CPU
		{D3EA74FC-B0E5-4047-8C99-EA0562C2A21D}.Debug|Any CPU.ActiveCfg = Debug|Any CPU
		{D3EA74FC-B0E5-4047-8C99-EA0562C2A21D}.Debug|Any CPU.Build.0 = Debug|Any CPU
		{D3EA74FC-B0E5-4047-8C99-EA0562C2A21D}.Release|Any CPU.ActiveCfg = Release|Any CPU
		{D3EA74FC-B0E5-4047-8C99-EA0562C2A21D}.Release|Any CPU.Build.0 = Release|Any CPU
		{2F6236FD-07E1-4B38-BA4F-80F7C6E84B9E}.Debug|Any CPU.ActiveCfg = Debug|Any CPU
		{2F6236FD-07E1-4B38-BA4F-80F7C6E84B9E}.Debug|Any CPU.Build.0 = Debug|Any CPU
		{2F6236FD-07E1-4B38-BA4F-80F7C6E84B9E}.Release|Any CPU.ActiveCfg = Release|Any CPU
		{2F6236FD-07E1-4B38-BA4F-80F7C6E84B9E}.Release|Any CPU.Build.0 = Release|Any CPU
		{1CC1A63D-742D-4AEC-B7B2-1BC2814C3FAF}.Debug|Any CPU.ActiveCfg = Debug|Any CPU
		{1CC1A63D-742D-4AEC-B7B2-1BC2814C3FAF}.Debug|Any CPU.Build.0 = Debug|Any CPU
		{1CC1A63D-742D-4AEC-B7B2-1BC2814C3FAF}.Release|Any CPU.ActiveCfg = Release|Any CPU
		{1CC1A63D-742D-4AEC-B7B2-1BC2814C3FAF}.Release|Any CPU.Build.0 = Release|Any CPU
		{ADE6972A-2A3C-4B7F-87FF-4F7F6991CEF6}.Debug|Any CPU.ActiveCfg = Debug|Any CPU
		{ADE6972A-2A3C-4B7F-87FF-4F7F6991CEF6}.Debug|Any CPU.Build.0 = Debug|Any CPU
		{ADE6972A-2A3C-4B7F-87FF-4F7F6991CEF6}.Release|Any CPU.ActiveCfg = Release|Any CPU
		{ADE6972A-2A3C-4B7F-87FF-4F7F6991CEF6}.Release|Any CPU.Build.0 = Release|Any CPU
		{59FCAFE0-6673-41BB-8E13-81191812FE42}.Debug|Any CPU.ActiveCfg = Debug|Any CPU
		{59FCAFE0-6673-41BB-8E13-81191812FE42}.Debug|Any CPU.Build.0 = Debug|Any CPU
		{59FCAFE0-6673-41BB-8E13-81191812FE42}.Release|Any CPU.ActiveCfg = Release|Any CPU
		{59FCAFE0-6673-41BB-8E13-81191812FE42}.Release|Any CPU.Build.0 = Release|Any CPU
		{9D377CC5-18B6-4626-9D54-13B97F0B3404}.Debug|Any CPU.ActiveCfg = Debug|Any CPU
		{9D377CC5-18B6-4626-9D54-13B97F0B3404}.Debug|Any CPU.Build.0 = Debug|Any CPU
		{9D377CC5-18B6-4626-9D54-13B97F0B3404}.Release|Any CPU.ActiveCfg = Release|Any CPU
		{9D377CC5-18B6-4626-9D54-13B97F0B3404}.Release|Any CPU.Build.0 = Release|Any CPU
		{A6A3B5E6-C0BE-463C-A0C9-220A0263862B}.Debug|Any CPU.ActiveCfg = Debug|Any CPU
		{A6A3B5E6-C0BE-463C-A0C9-220A0263862B}.Debug|Any CPU.Build.0 = Debug|Any CPU
		{A6A3B5E6-C0BE-463C-A0C9-220A0263862B}.Release|Any CPU.ActiveCfg = Release|Any CPU
		{A6A3B5E6-C0BE-463C-A0C9-220A0263862B}.Release|Any CPU.Build.0 = Release|Any CPU
	EndGlobalSection
	GlobalSection(SolutionProperties) = preSolution
		HideSolutionNode = FALSE
	EndGlobalSection
	GlobalSection(NestedProjects) = preSolution
		{A5614DC5-7CB9-4766-ADA4-C72D879AE0DF} = {B16F00E1-78AA-4C48-84DC-5CCFFF12DAB6}
		{ADF9E817-D08A-4AED-96F0-CE1027B9916A} = {86605D1D-F588-492F-A56E-E26365F801DF}
		{FB88E2F1-6EEF-4941-BDAE-7C3A25AD3031} = {86605D1D-F588-492F-A56E-E26365F801DF}
		{D3EA74FC-B0E5-4047-8C99-EA0562C2A21D} = {0377D2A2-B5FC-4C7A-9B71-87AAB992A7AF}
		{2F6236FD-07E1-4B38-BA4F-80F7C6E84B9E} = {0377D2A2-B5FC-4C7A-9B71-87AAB992A7AF}
		{1CC1A63D-742D-4AEC-B7B2-1BC2814C3FAF} = {0377D2A2-B5FC-4C7A-9B71-87AAB992A7AF}
		{ADE6972A-2A3C-4B7F-87FF-4F7F6991CEF6} = {40C80D25-62A4-4C7A-930C-E9ECE2BD949D}
		{59FCAFE0-6673-41BB-8E13-81191812FE42} = {40C80D25-62A4-4C7A-930C-E9ECE2BD949D}
		{9D377CC5-18B6-4626-9D54-13B97F0B3404} = {40C80D25-62A4-4C7A-930C-E9ECE2BD949D}
		{A6A3B5E6-C0BE-463C-A0C9-220A0263862B} = {7C6EFF5F-0057-4D11-B698-20CBC99D1D96}
	EndGlobalSection
	GlobalSection(ExtensibilityGlobals) = postSolution
		SolutionGuid = {B74CD364-3A28-4393-846B-B9258174E6C3}
	EndGlobalSection
EndGlobal
