
Microsoft Visual Studio Solution File, Format Version 12.00
# Visual Studio Version 17
VisualStudioVersion = 17.7.34018.315
MinimumVisualStudioVersion = 10.0.40219.1
Project("{9A19103F-16F7-4668-BE54-9A1E7A4F7556}") = "Jobs.WebApi", "Jobs.WebApi\Jobs.WebApi.csproj", "{5EC730E2-46BE-40F2-A588-5777304A1F77}"
EndProject
Project("{9A19103F-16F7-4668-BE54-9A1E7A4F7556}") = "Jobs.Application", "Jobs.Application\Jobs.Application.csproj", "{1612FBEE-0558-4F33-916B-E0BC16DBD72B}"
EndProject
Project("{9A19103F-16F7-4668-BE54-9A1E7A4F7556}") = "Jobs.Domain", "Jobs.Domain\Jobs.Domain.csproj", "{A1D05A4E-14C1-4AB6-B795-EA34DC0CB5F0}"
EndProject
Project("{9A19103F-16F7-4668-BE54-9A1E7A4F7556}") = "Jobs.Infrastructure", "Jobs.Infrastructure\Jobs.Infrastructure.csproj", "{F8669545-E643-423B-BEED-88A1B8D0F774}"
EndProject
Project("{9A19103F-16F7-4668-BE54-9A1E7A4F7556}") = "Foundation.Core", "Foundation.Core\Foundation.Core.csproj", "{A5614DC5-7CB9-4766-ADA4-C72D879AE0DF}"
EndProject
Project("{E53339B2-1760-4266-BCC7-CA923CBCF16C}") = "docker-compose", "docker-compose.dcproj", "{ADF9E817-D08A-4AED-96F0-CE1027B9916A}"
EndProject
Project("{2150E333-8FDC-42A3-9474-1A3956D46DE8}") = "00. Boot", "00. Boot", "{86605D1D-F588-492F-A56E-E26365F801DF}"
EndProject
Project("{2150E333-8FDC-42A3-9474-1A3956D46DE8}") = "10. Application", "10. Application", "{40C80D25-62A4-4C7A-930C-E9ECE2BD949D}"
EndProject
Project("{2150E333-8FDC-42A3-9474-1A3956D46DE8}") = "90. Framework", "90. Framework", "{B16F00E1-78AA-4C48-84DC-5CCFFF12DAB6}"
EndProject
Global
	GlobalSection(SolutionConfigurationPlatforms) = preSolution
		Debug|Any CPU = Debug|Any CPU
		Release|Any CPU = Release|Any CPU
	EndGlobalSection
	GlobalSection(ProjectConfigurationPlatforms) = postSolution
		{5EC730E2-46BE-40F2-A588-5777304A1F77}.Debug|Any CPU.ActiveCfg = Debug|Any CPU
		{5EC730E2-46BE-40F2-A588-5777304A1F77}.Debug|Any CPU.Build.0 = Debug|Any CPU
		{5EC730E2-46BE-40F2-A588-5777304A1F77}.Release|Any CPU.ActiveCfg = Release|Any CPU
		{5EC730E2-46BE-40F2-A588-5777304A1F77}.Release|Any CPU.Build.0 = Release|Any CPU
		{1612FBEE-0558-4F33-916B-E0BC16DBD72B}.Debug|Any CPU.ActiveCfg = Debug|Any CPU
		{1612FBEE-0558-4F33-916B-E0BC16DBD72B}.Debug|Any CPU.Build.0 = Debug|Any CPU
		{1612FBEE-0558-4F33-916B-E0BC16DBD72B}.Release|Any CPU.ActiveCfg = Release|Any CPU
		{1612FBEE-0558-4F33-916B-E0BC16DBD72B}.Release|Any CPU.Build.0 = Release|Any CPU
		{A1D05A4E-14C1-4AB6-B795-EA34DC0CB5F0}.Debug|Any CPU.ActiveCfg = Debug|Any CPU
		{A1D05A4E-14C1-4AB6-B795-EA34DC0CB5F0}.Debug|Any CPU.Build.0 = Debug|Any CPU
		{A1D05A4E-14C1-4AB6-B795-EA34DC0CB5F0}.Release|Any CPU.ActiveCfg = Release|Any CPU
		{A1D05A4E-14C1-4AB6-B795-EA34DC0CB5F0}.Release|Any CPU.Build.0 = Release|Any CPU
		{F8669545-E643-423B-BEED-88A1B8D0F774}.Debug|Any CPU.ActiveCfg = Debug|Any CPU
		{F8669545-E643-423B-BEED-88A1B8D0F774}.Debug|Any CPU.Build.0 = Debug|Any CPU
		{F8669545-E643-423B-BEED-88A1B8D0F774}.Release|Any CPU.ActiveCfg = Release|Any CPU
		{F8669545-E643-423B-BEED-88A1B8D0F774}.Release|Any CPU.Build.0 = Release|Any CPU
		{A5614DC5-7CB9-4766-ADA4-C72D879AE0DF}.Debug|Any CPU.ActiveCfg = Debug|Any CPU
		{A5614DC5-7CB9-4766-ADA4-C72D879AE0DF}.Debug|Any CPU.Build.0 = Debug|Any CPU
		{A5614DC5-7CB9-4766-ADA4-C72D879AE0DF}.Release|Any CPU.ActiveCfg = Release|Any CPU
		{A5614DC5-7CB9-4766-ADA4-C72D879AE0DF}.Release|Any CPU.Build.0 = Release|Any CPU
		{ADF9E817-D08A-4AED-96F0-CE1027B9916A}.Debug|Any CPU.ActiveCfg = Debug|Any CPU
		{ADF9E817-D08A-4AED-96F0-CE1027B9916A}.Debug|Any CPU.Build.0 = Debug|Any CPU
		{ADF9E817-D08A-4AED-96F0-CE1027B9916A}.Release|Any CPU.ActiveCfg = Release|Any CPU
		{ADF9E817-D08A-4AED-96F0-CE1027B9916A}.Release|Any CPU.Build.0 = Release|Any CPU
	EndGlobalSection
	GlobalSection(SolutionProperties) = preSolution
		HideSolutionNode = FALSE
	EndGlobalSection
	GlobalSection(NestedProjects) = preSolution
		{5EC730E2-46BE-40F2-A588-5777304A1F77} = {86605D1D-F588-492F-A56E-E26365F801DF}
		{1612FBEE-0558-4F33-916B-E0BC16DBD72B} = {40C80D25-62A4-4C7A-930C-E9ECE2BD949D}
		{A1D05A4E-14C1-4AB6-B795-EA34DC0CB5F0} = {40C80D25-62A4-4C7A-930C-E9ECE2BD949D}
		{F8669545-E643-423B-BEED-88A1B8D0F774} = {40C80D25-62A4-4C7A-930C-E9ECE2BD949D}
		{A5614DC5-7CB9-4766-ADA4-C72D879AE0DF} = {B16F00E1-78AA-4C48-84DC-5CCFFF12DAB6}
		{ADF9E817-D08A-4AED-96F0-CE1027B9916A} = {86605D1D-F588-492F-A56E-E26365F801DF}
	EndGlobalSection
	GlobalSection(ExtensibilityGlobals) = postSolution
		SolutionGuid = {B74CD364-3A28-4393-846B-B9258174E6C3}
	EndGlobalSection
EndGlobal
